
Microsoft Visual Studio Solution File, Format Version 12.00
# Visual Studio Version 17
VisualStudioVersion = 17.4.33110.190
MinimumVisualStudioVersion = 10.0.40219.1
Project("{FAE04EC0-301F-11D3-BF4B-00C04F79EFBC}") = "DataProcessingAPI.Implementation", "DataProcessingAPI.Implementation.csproj", "{700A93B9-D5BD-4DDD-B2E6-2A3A3954B659}"
EndProject
Global
	GlobalSection(SolutionConfigurationPlatforms) = preSolution
		Debug|Any CPU = Debug|Any CPU
		Release|Any CPU = Release|Any CPU
	EndGlobalSection
	GlobalSection(ProjectConfigurationPlatforms) = postSolution
		{700A93B9-D5BD-4DDD-B2E6-2A3A3954B659}.Debug|Any CPU.ActiveCfg = Debug|Any CPU
		{700A93B9-D5BD-4DDD-B2E6-2A3A3954B659}.Debug|Any CPU.Build.0 = Debug|Any CPU
		{700A93B9-D5BD-4DDD-B2E6-2A3A3954B659}.Release|Any CPU.ActiveCfg = Release|Any CPU
		{700A93B9-D5BD-4DDD-B2E6-2A3A3954B659}.Release|Any CPU.Build.0 = Release|Any CPU
	EndGlobalSection
	GlobalSection(SolutionProperties) = preSolution
		HideSolutionNode = FALSE
	EndGlobalSection
	GlobalSection(ExtensibilityGlobals) = postSolution
		SolutionGuid = {E4194C71-1AD4-4A61-9967-645D3CF2E809}
	EndGlobalSection
EndGlobal
